
Microsoft Visual Studio Solution File, Format Version 12.00
# Visual Studio Version 17
VisualStudioVersion = 17.3.32929.385
MinimumVisualStudioVersion = 10.0.40219.1
Project("{FAE04EC0-301F-11D3-BF4B-00C04F79EFBC}") = "Test_Exercise", "Test_Exercise\Test_Exercise.csproj", "{CFC9F3BF-D9CF-4684-9BFB-046D1839935C}"
EndProject
Global
	GlobalSection(SolutionConfigurationPlatforms) = preSolution
		Debug|Any CPU = Debug|Any CPU
		Release|Any CPU = Release|Any CPU
	EndGlobalSection
	GlobalSection(ProjectConfigurationPlatforms) = postSolution
		{CFC9F3BF-D9CF-4684-9BFB-046D1839935C}.Debug|Any CPU.ActiveCfg = Debug|Any CPU
		{CFC9F3BF-D9CF-4684-9BFB-046D1839935C}.Debug|Any CPU.Build.0 = Debug|Any CPU
		{CFC9F3BF-D9CF-4684-9BFB-046D1839935C}.Release|Any CPU.ActiveCfg = Release|Any CPU
		{CFC9F3BF-D9CF-4684-9BFB-046D1839935C}.Release|Any CPU.Build.0 = Release|Any CPU
	EndGlobalSection
	GlobalSection(SolutionProperties) = preSolution
		HideSolutionNode = FALSE
	EndGlobalSection
	GlobalSection(ExtensibilityGlobals) = postSolution
		SolutionGuid = {A888BD3D-7D04-46E5-9463-C2D391B88B8C}
	EndGlobalSection
EndGlobal
